
Microsoft Visual Studio Solution File, Format Version 12.00
# Visual Studio 14
VisualStudioVersion = 14.0.25420.1
MinimumVisualStudioVersion = 10.0.40219.1
Project("{FAE04EC0-301F-11D3-BF4B-00C04F79EFBC}") = "CrazyShooter", "CrazyShooter\CrazyShooter\CrazyShooter.csproj", "{637C868D-6A7F-403A-B1F4-FABBBE949F3A}"
EndProject
Project("{FAE04EC0-301F-11D3-BF4B-00C04F79EFBC}") = "CrazyShooterContent", "CrazyShooter\CrazyShooterContent\CrazyShooterContent.contentproj", "{DF4FD395-C185-40C8-BA86-E80350E8DE93}"
EndProject
Global
	GlobalSection(SolutionConfigurationPlatforms) = preSolution
		Debug|x86 = Debug|x86
		Release|x86 = Release|x86
	EndGlobalSection
	GlobalSection(ProjectConfigurationPlatforms) = postSolution
		{637C868D-6A7F-403A-B1F4-FABBBE949F3A}.Debug|x86.ActiveCfg = Debug|x86
		{637C868D-6A7F-403A-B1F4-FABBBE949F3A}.Debug|x86.Build.0 = Debug|x86
		{637C868D-6A7F-403A-B1F4-FABBBE949F3A}.Debug|x86.Deploy.0 = Debug|x86
		{637C868D-6A7F-403A-B1F4-FABBBE949F3A}.Release|x86.ActiveCfg = Release|x86
		{637C868D-6A7F-403A-B1F4-FABBBE949F3A}.Release|x86.Build.0 = Release|x86
		{637C868D-6A7F-403A-B1F4-FABBBE949F3A}.Release|x86.Deploy.0 = Release|x86
		{DF4FD395-C185-40C8-BA86-E80350E8DE93}.Debug|x86.ActiveCfg = Debug|x86
		{DF4FD395-C185-40C8-BA86-E80350E8DE93}.Release|x86.ActiveCfg = Release|x86
	EndGlobalSection
	GlobalSection(SolutionProperties) = preSolution
		HideSolutionNode = FALSE
	EndGlobalSection
EndGlobal
